
Microsoft Visual Studio Solution File, Format Version 12.00
# Visual Studio Version 16
VisualStudioVersion = 16.0.30114.105
MinimumVisualStudioVersion = 10.0.40219.1
Project("{2150E333-8FDC-42A3-9474-1A3956D46DE8}") = "src", "src", "{6AE8D5C9-3B33-45CA-9BDF-53288933CB6D}"
EndProject
Project("{FAE04EC0-301F-11D3-BF4B-00C04F79EFBC}") = "CommandAPI", "src\CommandAPI\CommandAPI.csproj", "{E448AD2D-EF41-425C-8FB0-A1AFDC848ABA}"
EndProject
Project("{2150E333-8FDC-42A3-9474-1A3956D46DE8}") = "test", "test", "{E91C7F9D-7CB8-4731-B0C0-14A2EFD10536}"
EndProject
Project("{FAE04EC0-301F-11D3-BF4B-00C04F79EFBC}") = "CommandAPI.Tests", "test\CommandAPI.Tests\CommandAPI.Tests.csproj", "{E7E5F376-8F79-43E3-B055-EF3791B52EE8}"
EndProject
Global
	GlobalSection(SolutionConfigurationPlatforms) = preSolution
		Debug|Any CPU = Debug|Any CPU
		Debug|x64 = Debug|x64
		Debug|x86 = Debug|x86
		Release|Any CPU = Release|Any CPU
		Release|x64 = Release|x64
		Release|x86 = Release|x86
	EndGlobalSection
	GlobalSection(SolutionProperties) = preSolution
		HideSolutionNode = FALSE
	EndGlobalSection
	GlobalSection(ProjectConfigurationPlatforms) = postSolution
		{E448AD2D-EF41-425C-8FB0-A1AFDC848ABA}.Debug|Any CPU.ActiveCfg = Debug|Any CPU
		{E448AD2D-EF41-425C-8FB0-A1AFDC848ABA}.Debug|Any CPU.Build.0 = Debug|Any CPU
		{E448AD2D-EF41-425C-8FB0-A1AFDC848ABA}.Debug|x64.ActiveCfg = Debug|Any CPU
		{E448AD2D-EF41-425C-8FB0-A1AFDC848ABA}.Debug|x64.Build.0 = Debug|Any CPU
		{E448AD2D-EF41-425C-8FB0-A1AFDC848ABA}.Debug|x86.ActiveCfg = Debug|Any CPU
		{E448AD2D-EF41-425C-8FB0-A1AFDC848ABA}.Debug|x86.Build.0 = Debug|Any CPU
		{E448AD2D-EF41-425C-8FB0-A1AFDC848ABA}.Release|Any CPU.ActiveCfg = Release|Any CPU
		{E448AD2D-EF41-425C-8FB0-A1AFDC848ABA}.Release|Any CPU.Build.0 = Release|Any CPU
		{E448AD2D-EF41-425C-8FB0-A1AFDC848ABA}.Release|x64.ActiveCfg = Release|Any CPU
		{E448AD2D-EF41-425C-8FB0-A1AFDC848ABA}.Release|x64.Build.0 = Release|Any CPU
		{E448AD2D-EF41-425C-8FB0-A1AFDC848ABA}.Release|x86.ActiveCfg = Release|Any CPU
		{E448AD2D-EF41-425C-8FB0-A1AFDC848ABA}.Release|x86.Build.0 = Release|Any CPU
		{E7E5F376-8F79-43E3-B055-EF3791B52EE8}.Debug|Any CPU.ActiveCfg = Debug|Any CPU
		{E7E5F376-8F79-43E3-B055-EF3791B52EE8}.Debug|Any CPU.Build.0 = Debug|Any CPU
		{E7E5F376-8F79-43E3-B055-EF3791B52EE8}.Debug|x64.ActiveCfg = Debug|Any CPU
		{E7E5F376-8F79-43E3-B055-EF3791B52EE8}.Debug|x64.Build.0 = Debug|Any CPU
		{E7E5F376-8F79-43E3-B055-EF3791B52EE8}.Debug|x86.ActiveCfg = Debug|Any CPU
		{E7E5F376-8F79-43E3-B055-EF3791B52EE8}.Debug|x86.Build.0 = Debug|Any CPU
		{E7E5F376-8F79-43E3-B055-EF3791B52EE8}.Release|Any CPU.ActiveCfg = Release|Any CPU
		{E7E5F376-8F79-43E3-B055-EF3791B52EE8}.Release|Any CPU.Build.0 = Release|Any CPU
		{E7E5F376-8F79-43E3-B055-EF3791B52EE8}.Release|x64.ActiveCfg = Release|Any CPU
		{E7E5F376-8F79-43E3-B055-EF3791B52EE8}.Release|x64.Build.0 = Release|Any CPU
		{E7E5F376-8F79-43E3-B055-EF3791B52EE8}.Release|x86.ActiveCfg = Release|Any CPU
		{E7E5F376-8F79-43E3-B055-EF3791B52EE8}.Release|x86.Build.0 = Release|Any CPU
	EndGlobalSection
	GlobalSection(NestedProjects) = preSolution
		{E448AD2D-EF41-425C-8FB0-A1AFDC848ABA} = {6AE8D5C9-3B33-45CA-9BDF-53288933CB6D}
		{E7E5F376-8F79-43E3-B055-EF3791B52EE8} = {E91C7F9D-7CB8-4731-B0C0-14A2EFD10536}
	EndGlobalSection
EndGlobal
